PODS:
  - Reusable (4.1.1):
    - Reusable/Storyboard (= 4.1.1)
    - Reusable/View (= 4.1.1)
  - Reusable/Storyboard (4.1.1)
  - Reusable/View (4.1.1)
  - RxCocoa (6.1.0):
    - RxRelay (= 6.1.0)
    - RxSwift (= 6.1.0)
  - RxRelay (6.1.0):
    - RxSwift (= 6.1.0)
  - RxSwift (6.1.0)

DEPENDENCIES:
  - Reusable
  - RxCocoa (~> 6.1.0)
  - RxSwift (~> 6.1.0)

SPEC REPOS:
  trunk:
    - Reusable
    - RxCocoa
    - RxRelay
    - RxSwift

SPEC CHECKSUMS:
  Reusable: 53a9acf5c536f229b31b5865782414b508252ddb
  RxCocoa: 5c51f02d562cbd94629f6c26cf0c80fe4ab8d343
  RxRelay: 483e1a19fad961b41f0b0c0bee506f46c1ae14fe
  RxSwift: a834e5c538e89eca0cae86f403f4fbf0336786ce

PODFILE CHECKSUM: 392162249b9803aaafb08110afbbae0f0714110c

COCOAPODS: 1.10.1
